
Microsoft Visual Studio Solution File, Format Version 12.00
# Visual Studio Version 17
VisualStudioVersion = 17.2.32210.308
MinimumVisualStudioVersion = 10.0.40219.1
Project("{2150E333-8FDC-42A3-9474-1A3956D46DE8}") = "docker", "docker", "{23E1214A-610A-438D-B3CA-E7EA6F569B39}"
	ProjectSection(SolutionItems) = preProject
		docker\Dockerfile = docker\Dockerfile
	EndProjectSection
EndProject
Project("{2150E333-8FDC-42A3-9474-1A3956D46DE8}") = "src", "src", "{80D76647-F232-44DA-9035-91A08E47BC62}"
EndProject
Project("{2150E333-8FDC-42A3-9474-1A3956D46DE8}") = "test", "test", "{9D00EEBE-0ECA-4BD5-B3A6-60D36CF3CE3B}"
EndProject
Project("{2150E333-8FDC-42A3-9474-1A3956D46DE8}") = "solution-items", "solution-items", "{4B5A7A13-CE91-4AD3-A1C8-203F3CFC6C59}"
EndProject
Project("{9A19103F-16F7-4668-BE54-9A1E7A4F7556}") = "Mbill.Core", "src\Mbill.Core\Mbill.Core.csproj", "{F04C9C57-6189-400F-A886-F25122ACADE9}"
EndProject
Project("{9A19103F-16F7-4668-BE54-9A1E7A4F7556}") = "Mbill", "src\Mbill\Mbill.csproj", "{30377008-3CDA-4999-BB8E-434AC52323F4}"
EndProject
Project("{9A19103F-16F7-4668-BE54-9A1E7A4F7556}") = "Mbill.Service", "src\Mbill.Service\Mbill.Service.csproj", "{3A668B91-9808-48F6-A464-BCABE052AD27}"
EndProject
Project("{9A19103F-16F7-4668-BE54-9A1E7A4F7556}") = "Mbill.Infrastructure", "src\Mbill.Infrastructure\Mbill.Infrastructure.csproj", "{AFC103DE-BBB7-4A80-A1A5-F61AE7BF2508}"
EndProject
Project("{9A19103F-16F7-4668-BE54-9A1E7A4F7556}") = "Mbill.ToolKits", "src\Mbill.ToolKits\Mbill.ToolKits.csproj", "{D468A268-0C18-4A50-A872-7877BD9DD38C}"
EndProject
Project("{9A19103F-16F7-4668-BE54-9A1E7A4F7556}") = "Mbill.Core.Test", "test\Mbill.Core.Test\Mbill.Core.Test.csproj", "{1EC7B87E-968C-43D4-ACC9-7D0DB6AD5A54}"
EndProject
Project("{FAE04EC0-301F-11D3-BF4B-00C04F79EFBC}") = "Mbill.Service.Test", "test\Mbill.Service.Test\Mbill.Service.Test.csproj", "{65780A13-C2C2-4252-B5CA-523AC2173D42}"
EndProject
Global
	GlobalSection(SolutionConfigurationPlatforms) = preSolution
		Debug|Any CPU = Debug|Any CPU
		Release|Any CPU = Release|Any CPU
	EndGlobalSection
	GlobalSection(ProjectConfigurationPlatforms) = postSolution
		{F04C9C57-6189-400F-A886-F25122ACADE9}.Debug|Any CPU.ActiveCfg = Debug|Any CPU
		{F04C9C57-6189-400F-A886-F25122ACADE9}.Debug|Any CPU.Build.0 = Debug|Any CPU
		{F04C9C57-6189-400F-A886-F25122ACADE9}.Release|Any CPU.ActiveCfg = Release|Any CPU
		{F04C9C57-6189-400F-A886-F25122ACADE9}.Release|Any CPU.Build.0 = Release|Any CPU
		{30377008-3CDA-4999-BB8E-434AC52323F4}.Debug|Any CPU.ActiveCfg = Debug|Any CPU
		{30377008-3CDA-4999-BB8E-434AC52323F4}.Debug|Any CPU.Build.0 = Debug|Any CPU
		{30377008-3CDA-4999-BB8E-434AC52323F4}.Release|Any CPU.ActiveCfg = Release|Any CPU
		{30377008-3CDA-4999-BB8E-434AC52323F4}.Release|Any CPU.Build.0 = Release|Any CPU
		{3A668B91-9808-48F6-A464-BCABE052AD27}.Debug|Any CPU.ActiveCfg = Debug|Any CPU
		{3A668B91-9808-48F6-A464-BCABE052AD27}.Debug|Any CPU.Build.0 = Debug|Any CPU
		{3A668B91-9808-48F6-A464-BCABE052AD27}.Release|Any CPU.ActiveCfg = Release|Any CPU
		{3A668B91-9808-48F6-A464-BCABE052AD27}.Release|Any CPU.Build.0 = Release|Any CPU
		{AFC103DE-BBB7-4A80-A1A5-F61AE7BF2508}.Debug|Any CPU.ActiveCfg = Debug|Any CPU
		{AFC103DE-BBB7-4A80-A1A5-F61AE7BF2508}.Debug|Any CPU.Build.0 = Debug|Any CPU
		{AFC103DE-BBB7-4A80-A1A5-F61AE7BF2508}.Release|Any CPU.ActiveCfg = Release|Any CPU
		{AFC103DE-BBB7-4A80-A1A5-F61AE7BF2508}.Release|Any CPU.Build.0 = Release|Any CPU
		{D468A268-0C18-4A50-A872-7877BD9DD38C}.Debug|Any CPU.ActiveCfg = Debug|Any CPU
		{D468A268-0C18-4A50-A872-7877BD9DD38C}.Debug|Any CPU.Build.0 = Debug|Any CPU
		{D468A268-0C18-4A50-A872-7877BD9DD38C}.Release|Any CPU.ActiveCfg = Release|Any CPU
		{D468A268-0C18-4A50-A872-7877BD9DD38C}.Release|Any CPU.Build.0 = Release|Any CPU
		{1EC7B87E-968C-43D4-ACC9-7D0DB6AD5A54}.Debug|Any CPU.ActiveCfg = Debug|Any CPU
		{1EC7B87E-968C-43D4-ACC9-7D0DB6AD5A54}.Debug|Any CPU.Build.0 = Debug|Any CPU
		{1EC7B87E-968C-43D4-ACC9-7D0DB6AD5A54}.Release|Any CPU.ActiveCfg = Release|Any CPU
		{1EC7B87E-968C-43D4-ACC9-7D0DB6AD5A54}.Release|Any CPU.Build.0 = Release|Any CPU
		{65780A13-C2C2-4252-B5CA-523AC2173D42}.Debug|Any CPU.ActiveCfg = Debug|Any CPU
		{65780A13-C2C2-4252-B5CA-523AC2173D42}.Debug|Any CPU.Build.0 = Debug|Any CPU
		{65780A13-C2C2-4252-B5CA-523AC2173D42}.Release|Any CPU.ActiveCfg = Release|Any CPU
		{65780A13-C2C2-4252-B5CA-523AC2173D42}.Release|Any CPU.Build.0 = Release|Any CPU
	EndGlobalSection
	GlobalSection(SolutionProperties) = preSolution
		HideSolutionNode = FALSE
	EndGlobalSection
	GlobalSection(NestedProjects) = preSolution
		{F04C9C57-6189-400F-A886-F25122ACADE9} = {80D76647-F232-44DA-9035-91A08E47BC62}
		{30377008-3CDA-4999-BB8E-434AC52323F4} = {80D76647-F232-44DA-9035-91A08E47BC62}
		{3A668B91-9808-48F6-A464-BCABE052AD27} = {80D76647-F232-44DA-9035-91A08E47BC62}
		{AFC103DE-BBB7-4A80-A1A5-F61AE7BF2508} = {80D76647-F232-44DA-9035-91A08E47BC62}
		{D468A268-0C18-4A50-A872-7877BD9DD38C} = {80D76647-F232-44DA-9035-91A08E47BC62}
		{1EC7B87E-968C-43D4-ACC9-7D0DB6AD5A54} = {9D00EEBE-0ECA-4BD5-B3A6-60D36CF3CE3B}
		{65780A13-C2C2-4252-B5CA-523AC2173D42} = {9D00EEBE-0ECA-4BD5-B3A6-60D36CF3CE3B}
	EndGlobalSection
	GlobalSection(ExtensibilityGlobals) = postSolution
		SolutionGuid = {92900FFE-D804-41EE-81C6-BC4D855601B8}
	EndGlobalSection
EndGlobal
