
Microsoft Visual Studio Solution File, Format Version 12.00
# Visual Studio Version 16
VisualStudioVersion = 16.0.30804.86
MinimumVisualStudioVersion = 10.0.40219.1
Project("{2150E333-8FDC-42A3-9474-1A3956D46DE8}") = "solution-items", "solution-items", "{A8E1C955-E427-446A-B0CC-60AA17EC6F1F}"
EndProject
Project("{2150E333-8FDC-42A3-9474-1A3956D46DE8}") = "src", "src", "{960EB044-0F6F-44C3-A0B9-505CC9AFFA81}"
EndProject
Project("{2150E333-8FDC-42A3-9474-1A3956D46DE8}") = "test", "test", "{B5F91D92-0D76-495B-BFE5-345819413EC3}"
EndProject
Project("{FAE04EC0-301F-11D3-BF4B-00C04F79EFBC}") = "Memoyu.Mbill.Application", "src\Memoyu.Mbill.Application\Memoyu.Mbill.Application.csproj", "{7EE6727D-E148-4557-98CE-2BA2C295BDB1}"
EndProject
Project("{FAE04EC0-301F-11D3-BF4B-00C04F79EFBC}") = "Memoyu.Mbill.Application.Contracts", "src\Memoyu.Mbill.Application.Contracts\Memoyu.Mbill.Application.Contracts.csproj", "{B18CD007-48DE-4E3D-9346-7932386C705C}"
EndProject
Project("{FAE04EC0-301F-11D3-BF4B-00C04F79EFBC}") = "Memoyu.Mbill.BackgroundJobs", "src\Memoyu.Mbill.BackgroundJobs\Memoyu.Mbill.BackgroundJobs.csproj", "{9E1415B4-5F44-496E-A009-56838987BFED}"
EndProject
Project("{FAE04EC0-301F-11D3-BF4B-00C04F79EFBC}") = "Memoyu.Mbill.Domain", "src\Memoyu.Mbill.Domain\Memoyu.Mbill.Domain.csproj", "{E7D12468-05C6-4A02-8B1A-86D248646E72}"
EndProject
Project("{FAE04EC0-301F-11D3-BF4B-00C04F79EFBC}") = "Memoyu.Mbill.Domain.Shared", "src\Memoyu.Mbill.Domain.Shared\Memoyu.Mbill.Domain.Shared.csproj", "{1EBB3E5C-F640-4F7E-B87A-F92D7CF332BC}"
EndProject
Project("{FAE04EC0-301F-11D3-BF4B-00C04F79EFBC}") = "Memoyu.Mbill.ToolKits", "src\Memoyu.Mbill.ToolKits\Memoyu.Mbill.ToolKits.csproj", "{919372E3-5B8B-4B22-A4C8-810C0A9B95A6}"
EndProject
Project("{FAE04EC0-301F-11D3-BF4B-00C04F79EFBC}") = "Memoyu.Mbill.WebApi", "src\Memoyu.Mbill.WebApi\Memoyu.Mbill.WebApi.csproj", "{2227BCB6-A710-476E-A7A4-A00F565B1244}"
EndProject
Global
	GlobalSection(SolutionConfigurationPlatforms) = preSolution
		Debug|Any CPU = Debug|Any CPU
		Release|Any CPU = Release|Any CPU
	EndGlobalSection
	GlobalSection(ProjectConfigurationPlatforms) = postSolution
		{7EE6727D-E148-4557-98CE-2BA2C295BDB1}.Debug|Any CPU.ActiveCfg = Debug|Any CPU
		{7EE6727D-E148-4557-98CE-2BA2C295BDB1}.Debug|Any CPU.Build.0 = Debug|Any CPU
		{7EE6727D-E148-4557-98CE-2BA2C295BDB1}.Release|Any CPU.ActiveCfg = Release|Any CPU
		{7EE6727D-E148-4557-98CE-2BA2C295BDB1}.Release|Any CPU.Build.0 = Release|Any CPU
		{B18CD007-48DE-4E3D-9346-7932386C705C}.Debug|Any CPU.ActiveCfg = Debug|Any CPU
		{B18CD007-48DE-4E3D-9346-7932386C705C}.Debug|Any CPU.Build.0 = Debug|Any CPU
		{B18CD007-48DE-4E3D-9346-7932386C705C}.Release|Any CPU.ActiveCfg = Release|Any CPU
		{B18CD007-48DE-4E3D-9346-7932386C705C}.Release|Any CPU.Build.0 = Release|Any CPU
		{9E1415B4-5F44-496E-A009-56838987BFED}.Debug|Any CPU.ActiveCfg = Debug|Any CPU
		{9E1415B4-5F44-496E-A009-56838987BFED}.Debug|Any CPU.Build.0 = Debug|Any CPU
		{9E1415B4-5F44-496E-A009-56838987BFED}.Release|Any CPU.ActiveCfg = Release|Any CPU
		{9E1415B4-5F44-496E-A009-56838987BFED}.Release|Any CPU.Build.0 = Release|Any CPU
		{E7D12468-05C6-4A02-8B1A-86D248646E72}.Debug|Any CPU.ActiveCfg = Debug|Any CPU
		{E7D12468-05C6-4A02-8B1A-86D248646E72}.Debug|Any CPU.Build.0 = Debug|Any CPU
		{E7D12468-05C6-4A02-8B1A-86D248646E72}.Release|Any CPU.ActiveCfg = Release|Any CPU
		{E7D12468-05C6-4A02-8B1A-86D248646E72}.Release|Any CPU.Build.0 = Release|Any CPU
		{1EBB3E5C-F640-4F7E-B87A-F92D7CF332BC}.Debug|Any CPU.ActiveCfg = Debug|Any CPU
		{1EBB3E5C-F640-4F7E-B87A-F92D7CF332BC}.Debug|Any CPU.Build.0 = Debug|Any CPU
		{1EBB3E5C-F640-4F7E-B87A-F92D7CF332BC}.Release|Any CPU.ActiveCfg = Release|Any CPU
		{1EBB3E5C-F640-4F7E-B87A-F92D7CF332BC}.Release|Any CPU.Build.0 = Release|Any CPU
		{919372E3-5B8B-4B22-A4C8-810C0A9B95A6}.Debug|Any CPU.ActiveCfg = Debug|Any CPU
		{919372E3-5B8B-4B22-A4C8-810C0A9B95A6}.Debug|Any CPU.Build.0 = Debug|Any CPU
		{919372E3-5B8B-4B22-A4C8-810C0A9B95A6}.Release|Any CPU.ActiveCfg = Release|Any CPU
		{919372E3-5B8B-4B22-A4C8-810C0A9B95A6}.Release|Any CPU.Build.0 = Release|Any CPU
		{2227BCB6-A710-476E-A7A4-A00F565B1244}.Debug|Any CPU.ActiveCfg = Debug|Any CPU
		{2227BCB6-A710-476E-A7A4-A00F565B1244}.Debug|Any CPU.Build.0 = Debug|Any CPU
		{2227BCB6-A710-476E-A7A4-A00F565B1244}.Release|Any CPU.ActiveCfg = Release|Any CPU
		{2227BCB6-A710-476E-A7A4-A00F565B1244}.Release|Any CPU.Build.0 = Release|Any CPU
	EndGlobalSection
	GlobalSection(SolutionProperties) = preSolution
		HideSolutionNode = FALSE
	EndGlobalSection
	GlobalSection(NestedProjects) = preSolution
		{7EE6727D-E148-4557-98CE-2BA2C295BDB1} = {960EB044-0F6F-44C3-A0B9-505CC9AFFA81}
		{B18CD007-48DE-4E3D-9346-7932386C705C} = {960EB044-0F6F-44C3-A0B9-505CC9AFFA81}
		{9E1415B4-5F44-496E-A009-56838987BFED} = {960EB044-0F6F-44C3-A0B9-505CC9AFFA81}
		{E7D12468-05C6-4A02-8B1A-86D248646E72} = {960EB044-0F6F-44C3-A0B9-505CC9AFFA81}
		{1EBB3E5C-F640-4F7E-B87A-F92D7CF332BC} = {960EB044-0F6F-44C3-A0B9-505CC9AFFA81}
		{919372E3-5B8B-4B22-A4C8-810C0A9B95A6} = {960EB044-0F6F-44C3-A0B9-505CC9AFFA81}
		{2227BCB6-A710-476E-A7A4-A00F565B1244} = {960EB044-0F6F-44C3-A0B9-505CC9AFFA81}
	EndGlobalSection
	GlobalSection(ExtensibilityGlobals) = postSolution
		SolutionGuid = {44BDDF14-220D-4B68-867D-D1EE8C6536F4}
	EndGlobalSection
EndGlobal
